
Microsoft Visual Studio Solution File, Format Version 12.00
# Visual Studio Version 16
VisualStudioVersion = 16.0.31911.196
MinimumVisualStudioVersion = 10.0.40219.1
Project("{9A19103F-16F7-4668-BE54-9A1E7A4F7556}") = "01. Algorithms", "01. Algorithms\01. Algorithms.csproj", "{F7F09803-8569-403B-8A7F-064C63AB9C68}"
EndProject
Project("{9A19103F-16F7-4668-BE54-9A1E7A4F7556}") = "SumOfNumbers", "SumOfNumbers\SumOfNumbers.csproj", "{ED51C4FC-B79C-4EDA-A2CF-70939882E27F}"
EndProject
Project("{9A19103F-16F7-4668-BE54-9A1E7A4F7556}") = "RecursiveFactorial", "RecursiveFactorial\RecursiveFactorial.csproj", "{FFB303B2-E389-4B67-9430-634F99A1CA2B}"
EndProject
Project("{9A19103F-16F7-4668-BE54-9A1E7A4F7556}") = "RecursiveDrawing", "RecursiveDrawing\RecursiveDrawing.csproj", "{BAB26CD0-5F4E-468C-9A2C-8F697E4866DC}"
EndProject
Project("{9A19103F-16F7-4668-BE54-9A1E7A4F7556}") = "GeneratingVectors", "GeneratingVectors\GeneratingVectors.csproj", "{21231B0F-8230-498F-A329-3FB4F557BC19}"
EndProject
Project("{9A19103F-16F7-4668-BE54-9A1E7A4F7556}") = "PathsInLabyrinth", "PathsInLabyrinth\PathsInLabyrinth.csproj", "{ED5AC31D-1C96-42A7-A6F0-CA47953C485C}"
EndProject
Project("{9A19103F-16F7-4668-BE54-9A1E7A4F7556}") = "8Queens", "8Queens\8Queens.csproj", "{236A6A2F-3788-4608-A9D1-DA688D615E95}"
EndProject
Project("{9A19103F-16F7-4668-BE54-9A1E7A4F7556}") = "StringReversal", "StringReversal\StringReversal.csproj", "{46C27973-2C5D-4996-98BC-59BD2500294E}"
EndProject
Project("{9A19103F-16F7-4668-BE54-9A1E7A4F7556}") = "Palindrome", "Palindrome\Palindrome.csproj", "{AA5CE943-F06D-4670-B175-C9F91CD856BD}"
EndProject
Project("{9A19103F-16F7-4668-BE54-9A1E7A4F7556}") = "DecimalToBinary", "DecimalToBinary\DecimalToBinary.csproj", "{1DEB8166-0A0F-4CB0-93AC-F7B77CC1C45F}"
EndProject
Project("{9A19103F-16F7-4668-BE54-9A1E7A4F7556}") = "BinarySearch", "BinarySearch\BinarySearch.csproj", "{A6B01D07-63A6-47C1-8BD2-B1096512CE9B}"
EndProject
Project("{9A19103F-16F7-4668-BE54-9A1E7A4F7556}") = "MergeSort", "MergeSort\MergeSort.csproj", "{51A6D5BD-9722-4D1E-9DDE-DBE8D9E08A94}"
EndProject
Project("{9A19103F-16F7-4668-BE54-9A1E7A4F7556}") = "NestedLoopsToRecusrsion", "NestedLoopsToRecusrsion\NestedLoopsToRecusrsion.csproj", "{4B87D092-37E5-4CAC-BF6F-DF81B65098AD}"
EndProject
Project("{9A19103F-16F7-4668-BE54-9A1E7A4F7556}") = "ConnectedAreasInAMatrix", "ConnectedAreasInAMatrix\ConnectedAreasInAMatrix.csproj", "{EA91F4EB-D3AE-4AD4-8BF0-4512F4B51739}"
EndProject
Project("{9A19103F-16F7-4668-BE54-9A1E7A4F7556}") = "Cinema", "Cinema\Cinema.csproj", "{069BD1A7-D1A1-40B0-B17D-375CCED6FFCE}"
EndProject
Project("{FAE04EC0-301F-11D3-BF4B-00C04F79EFBC}") = "SchoolTeams", "SchoolTeams\SchoolTeams.csproj", "{0570367F-34C3-4115-B32B-178D68BA00FF}"
EndProject
Global
	GlobalSection(SolutionConfigurationPlatforms) = preSolution
		Debug|Any CPU = Debug|Any CPU
		Release|Any CPU = Release|Any CPU
	EndGlobalSection
	GlobalSection(ProjectConfigurationPlatforms) = postSolution
		{F7F09803-8569-403B-8A7F-064C63AB9C68}.Debug|Any CPU.ActiveCfg = Debug|Any CPU
		{F7F09803-8569-403B-8A7F-064C63AB9C68}.Debug|Any CPU.Build.0 = Debug|Any CPU
		{F7F09803-8569-403B-8A7F-064C63AB9C68}.Release|Any CPU.ActiveCfg = Release|Any CPU
		{F7F09803-8569-403B-8A7F-064C63AB9C68}.Release|Any CPU.Build.0 = Release|Any CPU
		{ED51C4FC-B79C-4EDA-A2CF-70939882E27F}.Debug|Any CPU.ActiveCfg = Debug|Any CPU
		{ED51C4FC-B79C-4EDA-A2CF-70939882E27F}.Debug|Any CPU.Build.0 = Debug|Any CPU
		{ED51C4FC-B79C-4EDA-A2CF-70939882E27F}.Release|Any CPU.ActiveCfg = Release|Any CPU
		{ED51C4FC-B79C-4EDA-A2CF-70939882E27F}.Release|Any CPU.Build.0 = Release|Any CPU
		{FFB303B2-E389-4B67-9430-634F99A1CA2B}.Debug|Any CPU.ActiveCfg = Debug|Any CPU
		{FFB303B2-E389-4B67-9430-634F99A1CA2B}.Debug|Any CPU.Build.0 = Debug|Any CPU
		{FFB303B2-E389-4B67-9430-634F99A1CA2B}.Release|Any CPU.ActiveCfg = Release|Any CPU
		{FFB303B2-E389-4B67-9430-634F99A1CA2B}.Release|Any CPU.Build.0 = Release|Any CPU
		{BAB26CD0-5F4E-468C-9A2C-8F697E4866DC}.Debug|Any CPU.ActiveCfg = Debug|Any CPU
		{BAB26CD0-5F4E-468C-9A2C-8F697E4866DC}.Debug|Any CPU.Build.0 = Debug|Any CPU
		{BAB26CD0-5F4E-468C-9A2C-8F697E4866DC}.Release|Any CPU.ActiveCfg = Release|Any CPU
		{BAB26CD0-5F4E-468C-9A2C-8F697E4866DC}.Release|Any CPU.Build.0 = Release|Any CPU
		{21231B0F-8230-498F-A329-3FB4F557BC19}.Debug|Any CPU.ActiveCfg = Debug|Any CPU
		{21231B0F-8230-498F-A329-3FB4F557BC19}.Debug|Any CPU.Build.0 = Debug|Any CPU
		{21231B0F-8230-498F-A329-3FB4F557BC19}.Release|Any CPU.ActiveCfg = Release|Any CPU
		{21231B0F-8230-498F-A329-3FB4F557BC19}.Release|Any CPU.Build.0 = Release|Any CPU
		{ED5AC31D-1C96-42A7-A6F0-CA47953C485C}.Debug|Any CPU.ActiveCfg = Debug|Any CPU
		{ED5AC31D-1C96-42A7-A6F0-CA47953C485C}.Debug|Any CPU.Build.0 = Debug|Any CPU
		{ED5AC31D-1C96-42A7-A6F0-CA47953C485C}.Release|Any CPU.ActiveCfg = Release|Any CPU
		{ED5AC31D-1C96-42A7-A6F0-CA47953C485C}.Release|Any CPU.Build.0 = Release|Any CPU
		{236A6A2F-3788-4608-A9D1-DA688D615E95}.Debug|Any CPU.ActiveCfg = Debug|Any CPU
		{236A6A2F-3788-4608-A9D1-DA688D615E95}.Debug|Any CPU.Build.0 = Debug|Any CPU
		{236A6A2F-3788-4608-A9D1-DA688D615E95}.Release|Any CPU.ActiveCfg = Release|Any CPU
		{236A6A2F-3788-4608-A9D1-DA688D615E95}.Release|Any CPU.Build.0 = Release|Any CPU
		{46C27973-2C5D-4996-98BC-59BD2500294E}.Debug|Any CPU.ActiveCfg = Debug|Any CPU
		{46C27973-2C5D-4996-98BC-59BD2500294E}.Debug|Any CPU.Build.0 = Debug|Any CPU
		{46C27973-2C5D-4996-98BC-59BD2500294E}.Release|Any CPU.ActiveCfg = Release|Any CPU
		{46C27973-2C5D-4996-98BC-59BD2500294E}.Release|Any CPU.Build.0 = Release|Any CPU
		{AA5CE943-F06D-4670-B175-C9F91CD856BD}.Debug|Any CPU.ActiveCfg = Debug|Any CPU
		{AA5CE943-F06D-4670-B175-C9F91CD856BD}.Debug|Any CPU.Build.0 = Debug|Any CPU
		{AA5CE943-F06D-4670-B175-C9F91CD856BD}.Release|Any CPU.ActiveCfg = Release|Any CPU
		{AA5CE943-F06D-4670-B175-C9F91CD856BD}.Release|Any CPU.Build.0 = Release|Any CPU
		{1DEB8166-0A0F-4CB0-93AC-F7B77CC1C45F}.Debug|Any CPU.ActiveCfg = Debug|Any CPU
		{1DEB8166-0A0F-4CB0-93AC-F7B77CC1C45F}.Debug|Any CPU.Build.0 = Debug|Any CPU
		{1DEB8166-0A0F-4CB0-93AC-F7B77CC1C45F}.Release|Any CPU.ActiveCfg = Release|Any CPU
		{1DEB8166-0A0F-4CB0-93AC-F7B77CC1C45F}.Release|Any CPU.Build.0 = Release|Any CPU
		{A6B01D07-63A6-47C1-8BD2-B1096512CE9B}.Debug|Any CPU.ActiveCfg = Debug|Any CPU
		{A6B01D07-63A6-47C1-8BD2-B1096512CE9B}.Debug|Any CPU.Build.0 = Debug|Any CPU
		{A6B01D07-63A6-47C1-8BD2-B1096512CE9B}.Release|Any CPU.ActiveCfg = Release|Any CPU
		{A6B01D07-63A6-47C1-8BD2-B1096512CE9B}.Release|Any CPU.Build.0 = Release|Any CPU
		{51A6D5BD-9722-4D1E-9DDE-DBE8D9E08A94}.Debug|Any CPU.ActiveCfg = Debug|Any CPU
		{51A6D5BD-9722-4D1E-9DDE-DBE8D9E08A94}.Debug|Any CPU.Build.0 = Debug|Any CPU
		{51A6D5BD-9722-4D1E-9DDE-DBE8D9E08A94}.Release|Any CPU.ActiveCfg = Release|Any CPU
		{51A6D5BD-9722-4D1E-9DDE-DBE8D9E08A94}.Release|Any CPU.Build.0 = Release|Any CPU
		{4B87D092-37E5-4CAC-BF6F-DF81B65098AD}.Debug|Any CPU.ActiveCfg = Debug|Any CPU
		{4B87D092-37E5-4CAC-BF6F-DF81B65098AD}.Debug|Any CPU.Build.0 = Debug|Any CPU
		{4B87D092-37E5-4CAC-BF6F-DF81B65098AD}.Release|Any CPU.ActiveCfg = Release|Any CPU
		{4B87D092-37E5-4CAC-BF6F-DF81B65098AD}.Release|Any CPU.Build.0 = Release|Any CPU
		{EA91F4EB-D3AE-4AD4-8BF0-4512F4B51739}.Debug|Any CPU.ActiveCfg = Debug|Any CPU
		{EA91F4EB-D3AE-4AD4-8BF0-4512F4B51739}.Debug|Any CPU.Build.0 = Debug|Any CPU
		{EA91F4EB-D3AE-4AD4-8BF0-4512F4B51739}.Release|Any CPU.ActiveCfg = Release|Any CPU
		{EA91F4EB-D3AE-4AD4-8BF0-4512F4B51739}.Release|Any CPU.Build.0 = Release|Any CPU
		{069BD1A7-D1A1-40B0-B17D-375CCED6FFCE}.Debug|Any CPU.ActiveCfg = Debug|Any CPU
		{069BD1A7-D1A1-40B0-B17D-375CCED6FFCE}.Debug|Any CPU.Build.0 = Debug|Any CPU
		{069BD1A7-D1A1-40B0-B17D-375CCED6FFCE}.Release|Any CPU.ActiveCfg = Release|Any CPU
		{069BD1A7-D1A1-40B0-B17D-375CCED6FFCE}.Release|Any CPU.Build.0 = Release|Any CPU
		{0570367F-34C3-4115-B32B-178D68BA00FF}.Debug|Any CPU.ActiveCfg = Debug|Any CPU
		{0570367F-34C3-4115-B32B-178D68BA00FF}.Debug|Any CPU.Build.0 = Debug|Any CPU
		{0570367F-34C3-4115-B32B-178D68BA00FF}.Release|Any CPU.ActiveCfg = Release|Any CPU
		{0570367F-34C3-4115-B32B-178D68BA00FF}.Release|Any CPU.Build.0 = Release|Any CPU
	EndGlobalSection
	GlobalSection(SolutionProperties) = preSolution
		HideSolutionNode = FALSE
	EndGlobalSection
	GlobalSection(ExtensibilityGlobals) = postSolution
		SolutionGuid = {5F669244-CE72-4929-B744-C170F25B68A9}
	EndGlobalSection
EndGlobal
